
Microsoft Visual Studio Solution File, Format Version 12.00
# Visual Studio 15
VisualStudioVersion = 15.0.28307.329
MinimumVisualStudioVersion = 10.0.40219.1
Project("{FAE04EC0-301F-11D3-BF4B-00C04F79EFBC}") = "FitnessCoach", "FitnessCoach\FitnessCoach.csproj", "{1638724B-9CD9-42B9-B04B-4C89BD8747CC}"
EndProject
Project("{FAE04EC0-301F-11D3-BF4B-00C04F79EFBC}") = "TestWinForm", "TestWinForm\TestWinForm.csproj", "{53BF497C-D4DB-4D48-A953-73E380059362}"
EndProject
Global
	GlobalSection(SolutionConfigurationPlatforms) = preSolution
		Debug|Any CPU = Debug|Any CPU
		Release|Any CPU = Release|Any CPU
	EndGlobalSection
	GlobalSection(ProjectConfigurationPlatforms) = postSolution
		{1638724B-9CD9-42B9-B04B-4C89BD8747CC}.Debug|Any CPU.ActiveCfg = Debug|Any CPU
		{1638724B-9CD9-42B9-B04B-4C89BD8747CC}.Debug|Any CPU.Build.0 = Debug|Any CPU
		{1638724B-9CD9-42B9-B04B-4C89BD8747CC}.Release|Any CPU.ActiveCfg = Release|Any CPU
		{1638724B-9CD9-42B9-B04B-4C89BD8747CC}.Release|Any CPU.Build.0 = Release|Any CPU
		{53BF497C-D4DB-4D48-A953-73E380059362}.Debug|Any CPU.ActiveCfg = Debug|Any CPU
		{53BF497C-D4DB-4D48-A953-73E380059362}.Debug|Any CPU.Build.0 = Debug|Any CPU
		{53BF497C-D4DB-4D48-A953-73E380059362}.Release|Any CPU.ActiveCfg = Release|Any CPU
		{53BF497C-D4DB-4D48-A953-73E380059362}.Release|Any CPU.Build.0 = Release|Any CPU
	EndGlobalSection
	GlobalSection(SolutionProperties) = preSolution
		HideSolutionNode = FALSE
	EndGlobalSection
	GlobalSection(ExtensibilityGlobals) = postSolution
		SolutionGuid = {2FC16E0D-30DC-4471-9B41-5BF96657A1A2}
	EndGlobalSection
EndGlobal
